// !$*UTF8*$!
{
	archiveVersion = 1;
	classes = {
	};
	objectVersion = 56;
	objects = {

/* Begin PBXBuildFile section */
		1721D3922A6F8EFF009F8B5D /* TipCalcApp.swift in Sources */ = {isa = PBXBuildFile; fileRef = 1721D3912A6F8EFF009F8B5D /* TipCalcApp.swift */; };
		1721D3942A6F8EFF009F8B5D /* ContentView.swift in Sources */ = {isa = PBXBuildFile; fileRef = 1721D3932A6F8EFF009F8B5D /* ContentView.swift */; };
		1721D3962A6F8F00009F8B5D /* Assets.xcassets in Resources */ = {isa = PBXBuildFile; fileRef = 1721D3952A6F8F00009F8B5D /* Assets.xcassets */; };
		1721D39A2A6F8F00009F8B5D /* Preview Assets.xcassets in Resources */ = {isa = PBXBuildFile; fileRef = 1721D3992A6F8F00009F8B5D /* Preview Assets.xcassets */; };
		1721D3A42A6F8F01009F8B5D /* TipCalcTests.swift in Sources */ = {isa = PBXBuildFile; fileRef = 1721D3A32A6F8F01009F8B5D /* TipCalcTests.swift */; };
		1721D3AE2A6F8F01009F8B5D /* TipCalcUITests.swift in Sources */ = {isa = PBXBuildFile; fileRef = 1721D3AD2A6F8F01009F8B5D /* TipCalcUITests.swift */; };
		1721D3B02A6F8F01009F8B5D /* TipCalcUITestsLaunchTests.swift in Sources */ = {isa = PBXBuildFile; fileRef = 1721D3AF2A6F8F01009F8B5D /* TipCalcUITestsLaunchTests.swift */; };
/* End PBXBuildFile section */

/* Begin PBXContainerItemProxy section */
		1721D3A02A6F8F01009F8B5D /* PBXContainerItemProxy */ = {
			isa = PBXContainerItemProxy;
			containerPortal = 1721D3862A6F8EFF009F8B5D /* Project object */;
			proxyType = 1;
			remoteGlobalIDString = 1721D38D2A6F8EFF009F8B5D;
			remoteInfo = TipCalc;
		};
		1721D3AA2A6F8F01009F8B5D /* PBXContainerItemProxy */ = {
			isa = PBXContainerItemProxy;
			containerPortal = 1721D3862A6F8EFF009F8B5D /* Project object */;
			proxyType = 1;
			remoteGlobalIDString = 1721D38D2A6F8EFF009F8B5D;
			remoteInfo = TipCalc;
		};
/* End PBXContainerItemProxy section */

/* Begin PBXFileReference section */
		1721D38E2A6F8EFF009F8B5D /* TipCalc.app */ = {isa = PBXFileReference; explicitFileType = wrapper.application; includeInIndex = 0; path = TipCalc.app; sourceTree = BUILT_PRODUCTS_DIR; };
		1721D3912A6F8EFF009F8B5D /* TipCalcApp.swift */ = {isa = PBXFileReference; lastKnownFileType = sourcecode.swift; path = TipCalcApp.swift; sourceTree = "<group>"; };
		1721D3932A6F8EFF009F8B5D /* ContentView.swift */ = {isa = PBXFileReference; lastKnownFileType = sourcecode.swift; path = ContentView.swift; sourceTree = "<group>"; };
		1721D3952A6F8F00009F8B5D /* Assets.xcassets */ = {isa = PBXFileReference; lastKnownFileType = folder.assetcatalog; path = Assets.xcassets; sourceTree = "<group>"; };
		1721D3972A6F8F00009F8B5D /* TipCalc.entitlements */ = {isa = PBXFileReference; lastKnownFileType = text.plist.entitlements; path = TipCalc.entitlements; sourceTree = "<group>"; };
		1721D3992A6F8F00009F8B5D /* Preview Assets.xcassets */ = {isa = PBXFileReference; lastKnownFileType = folder.assetcatalog; path = "Preview Assets.xcassets"; sourceTree = "<group>"; };
		1721D39F2A6F8F01009F8B5D /* TipCalcTests.xctest */ = {isa = PBXFileReference; explicitFileType = wrapper.cfbundle; includeInIndex = 0; path = TipCalcTests.xctest; sourceTree = BUILT_PRODUCTS_DIR; };
		1721D3A32A6F8F01009F8B5D /* TipCalcTests.swift */ = {isa = PBXFileReference; lastKnownFileType = sourcecode.swift; path = TipCalcTests.swift; sourceTree = "<group>"; };
		1721D3A92A6F8F01009F8B5D /* TipCalcUITests.xctest */ = {isa = PBXFileReference; explicitFileType = wrapper.cfbundle; includeInIndex = 0; path = TipCalcUITests.xctest; sourceTree = BUILT_PRODUCTS_DIR; };
		1721D3AD2A6F8F01009F8B5D /* TipCalcUITests.swift */ = {isa = PBXFileReference; lastKnownFileType = sourcecode.swift; path = TipCalcUITests.swift; sourceTree = "<group>"; };
		1721D3AF2A6F8F01009F8B5D /* TipCalcUITestsLaunchTests.swift */ = {isa = PBXFileReference; lastKnownFileType = sourcecode.swift; path = TipCalcUITestsLaunchTests.swift; sourceTree = "<group>"; };
/* End PBXFileReference section */

/* Begin PBXFrameworksBuildPhase section */
		1721D38B2A6F8EFF009F8B5D /* Frameworks */ = {
			isa = PBXFrameworksBuildPhase;
			buildActionMask = 2147483647;
			files = (
			);
			runOnlyForDeploymentPostprocessing = 0;
		};
		1721D39C2A6F8F01009F8B5D /* Frameworks */ = {
			isa = PBXFrameworksBuildPhase;
			buildActionMask = 2147483647;
			files = (
			);
			runOnlyForDeploymentPostprocessing = 0;
		};
		1721D3A62A6F8F01009F8B5D /* Frameworks */ = {
			isa = PBXFrameworksBuildPhase;
			buildActionMask = 2147483647;
			files = (
			);
			runOnlyForDeploymentPostprocessing = 0;
		};
/* End PBXFrameworksBuildPhase section */

/* Begin PBXGroup section */
		1721D3852A6F8EFF009F8B5D = {
			isa = PBXGroup;
			children = (
				1721D3902A6F8EFF009F8B5D /* TipCalc */,
				1721D3A22A6F8F01009F8B5D /* TipCalcTests */,
				1721D3AC2A6F8F01009F8B5D /* TipCalcUITests */,
				1721D38F2A6F8EFF009F8B5D /* Products */,
			);
			sourceTree = "<group>";
		};
		1721D38F2A6F8EFF009F8B5D /* Products */ = {
			isa = PBXGroup;
			children = (
				1721D38E2A6F8EFF009F8B5D /* TipCalc.app */,
				1721D39F2A6F8F01009F8B5D /* TipCalcTests.xctest */,
				1721D3A92A6F8F01009F8B5D /* TipCalcUITests.xctest */,
			);
			name = Products;
			sourceTree = "<group>";
		};
		1721D3902A6F8EFF009F8B5D /* TipCalc */ = {
			isa = PBXGroup;
			children = (
				1721D3912A6F8EFF009F8B5D /* TipCalcApp.swift */,
				1721D3932A6F8EFF009F8B5D /* ContentView.swift */,
				1721D3952A6F8F00009F8B5D /* Assets.xcassets */,
				1721D3972A6F8F00009F8B5D /* TipCalc.entitlements */,
				1721D3982A6F8F00009F8B5D /* Preview Content */,
			);
			path = TipCalc;
			sourceTree = "<group>";
		};
		1721D3982A6F8F00009F8B5D /* Preview Content */ = {
			isa = PBXGroup;
			children = (
				1721D3992A6F8F00009F8B5D /* Preview Assets.xcassets */,
			);
			path = "Preview Content";
			sourceTree = "<group>";
		};
		1721D3A22A6F8F01009F8B5D /* TipCalcTests */ = {
			isa = PBXGroup;
			children = (
				1721D3A32A6F8F01009F8B5D /* TipCalcTests.swift */,
			);
			path = TipCalcTests;
			sourceTree = "<group>";
		};
		1721D3AC2A6F8F01009F8B5D /* TipCalcUITests */ = {
			isa = PBXGroup;
			children = (
				1721D3AD2A6F8F01009F8B5D /* TipCalcUITests.swift */,
				1721D3AF2A6F8F01009F8B5D /* TipCalcUITestsLaunchTests.swift */,
			);
			path = TipCalcUITests;
			sourceTree = "<group>";
		};
/* End PBXGroup section */

/* Begin PBXNativeTarget section */
		1721D38D2A6F8EFF009F8B5D /* TipCalc */ = {
			isa = PBXNativeTarget;
			buildConfigurationList = 1721D3B32A6F8F01009F8B5D /* Build configuration list for PBXNativeTarget "TipCalc" */;
			buildPhases = (
				1721D38A2A6F8EFF009F8B5D /* Sources */,
				1721D38B2A6F8EFF009F8B5D /* Frameworks */,
				1721D38C2A6F8EFF009F8B5D /* Resources */,
			);
			buildRules = (
			);
			dependencies = (
			);
			name = TipCalc;
			productName = TipCalc;
			productReference = 1721D38E2A6F8EFF009F8B5D /* TipCalc.app */;
			productType = "com.apple.product-type.application";
		};
		1721D39E2A6F8F01009F8B5D /* TipCalcTests */ = {
			isa = PBXNativeTarget;
			buildConfigurationList = 1721D3B62A6F8F01009F8B5D /* Build configuration list for PBXNativeTarget "TipCalcTests" */;
			buildPhases = (
				1721D39B2A6F8F01009F8B5D /* Sources */,
				1721D39C2A6F8F01009F8B5D /* Frameworks */,
				1721D39D2A6F8F01009F8B5D /* Resources */,
			);
			buildRules = (
			);
			dependencies = (
				1721D3A12A6F8F01009F8B5D /* PBXTargetDependency */,
			);
			name = TipCalcTests;
			productName = TipCalcTests;
			productReference = 1721D39F2A6F8F01009F8B5D /* TipCalcTests.xctest */;
			productType = "com.apple.product-type.bundle.unit-test";
		};
		1721D3A82A6F8F01009F8B5D /* TipCalcUITests */ = {
			isa = PBXNativeTarget;
			buildConfigurationList = 1721D3B92A6F8F01009F8B5D /* Build configuration list for PBXNativeTarget "TipCalcUITests" */;
			buildPhases = (
				1721D3A52A6F8F01009F8B5D /* Sources */,
				1721D3A62A6F8F01009F8B5D /* Frameworks */,
				1721D3A72A6F8F01009F8B5D /* Resources */,
			);
			buildRules = (
			);
			dependencies = (
				1721D3AB2A6F8F01009F8B5D /* PBXTargetDependency */,
			);
			name = TipCalcUITests;
			productName = TipCalcUITests;
			productReference = 1721D3A92A6F8F01009F8B5D /* TipCalcUITests.xctest */;
			productType = "com.apple.product-type.bundle.ui-testing";
		};
/* End PBXNativeTarget section */

/* Begin PBXProject section */
		1721D3862A6F8EFF009F8B5D /* Project object */ = {
			isa = PBXProject;
			attributes = {
				BuildIndependentTargetsInParallel = 1;
				LastSwiftUpdateCheck = 1430;
				LastUpgradeCheck = 1430;
				TargetAttributes = {
					1721D38D2A6F8EFF009F8B5D = {
						CreatedOnToolsVersion = 14.3.1;
					};
					1721D39E2A6F8F01009F8B5D = {
						CreatedOnToolsVersion = 14.3.1;
						TestTargetID = 1721D38D2A6F8EFF009F8B5D;
					};
					1721D3A82A6F8F01009F8B5D = {
						CreatedOnToolsVersion = 14.3.1;
						TestTargetID = 1721D38D2A6F8EFF009F8B5D;
					};
				};
			};
			buildConfigurationList = 1721D3892A6F8EFF009F8B5D /* Build configuration list for PBXProject "TipCalc" */;
			compatibilityVersion = "Xcode 14.0";
			developmentRegion = en;
			hasScannedForEncodings = 0;
			knownRegions = (
				en,
				Base,
			);
			mainGroup = 1721D3852A6F8EFF009F8B5D;
			productRefGroup = 1721D38F2A6F8EFF009F8B5D /* Products */;
			projectDirPath = "";
			projectRoot = "";
			targets = (
				1721D38D2A6F8EFF009F8B5D /* TipCalc */,
				1721D39E2A6F8F01009F8B5D /* TipCalcTests */,
				1721D3A82A6F8F01009F8B5D /* TipCalcUITests */,
			);
		};
/* End PBXProject section */

/* Begin PBXResourcesBuildPhase section */
		1721D38C2A6F8EFF009F8B5D /* Resources */ = {
			isa = PBXResourcesBuildPhase;
			buildActionMask = 2147483647;
			files = (
				1721D39A2A6F8F00009F8B5D /* Preview Assets.xcassets in Resources */,
				1721D3962A6F8F00009F8B5D /* Assets.xcassets in Resources */,
			);
			runOnlyForDeploymentPostprocessing = 0;
		};
		1721D39D2A6F8F01009F8B5D /* Resources */ = {
			isa = PBXResourcesBuildPhase;
			buildActionMask = 2147483647;
			files = (
			);
			runOnlyForDeploymentPostprocessing = 0;
		};
		1721D3A72A6F8F01009F8B5D /* Resources */ = {
			isa = PBXResourcesBuildPhase;
			buildActionMask = 2147483647;
			files = (
			);
			runOnlyForDeploymentPostprocessing = 0;
		};
/* End PBXResourcesBuildPhase section */

/* Begin PBXSourcesBuildPhase section */
		1721D38A2A6F8EFF009F8B5D /* Sources */ = {
			isa = PBXSourcesBuildPhase;
			buildActionMask = 2147483647;
			files = (
				1721D3942A6F8EFF009F8B5D /* ContentView.swift in Sources */,
				1721D3922A6F8EFF009F8B5D /* TipCalcApp.swift in Sources */,
			);
			runOnlyForDeploymentPostprocessing = 0;
		};
		1721D39B2A6F8F01009F8B5D /* Sources */ = {
			isa = PBXSourcesBuildPhase;
			buildActionMask = 2147483647;
			files = (
				1721D3A42A6F8F01009F8B5D /* TipCalcTests.swift in Sources */,
			);
			runOnlyForDeploymentPostprocessing = 0;
		};
		1721D3A52A6F8F01009F8B5D /* Sources */ = {
			isa = PBXSourcesBuildPhase;
			buildActionMask = 2147483647;
			files = (
				1721D3AE2A6F8F01009F8B5D /* TipCalcUITests.swift in Sources */,
				1721D3B02A6F8F01009F8B5D /* TipCalcUITestsLaunchTests.swift in Sources */,
			);
			runOnlyForDeploymentPostprocessing = 0;
		};
/* End PBXSourcesBuildPhase section */

/* Begin PBXTargetDependency section */
		1721D3A12A6F8F01009F8B5D /* PBXTargetDependency */ = {
			isa = PBXTargetDependency;
			target = 1721D38D2A6F8EFF009F8B5D /* TipCalc */;
			targetProxy = 1721D3A02A6F8F01009F8B5D /* PBXContainerItemProxy */;
		};
		1721D3AB2A6F8F01009F8B5D /* PBXTargetDependency */ = {
			isa = PBXTargetDependency;
			target = 1721D38D2A6F8EFF009F8B5D /* TipCalc */;
			targetProxy = 1721D3AA2A6F8F01009F8B5D /* PBXContainerItemProxy */;
		};
/* End PBXTargetDependency section */

/* Begin XCBuildConfiguration section */
		1721D3B12A6F8F01009F8B5D /* Debug */ = {
			isa = XCBuildConfiguration;
			buildSettings = {
				ALWAYS_SEARCH_USER_PATHS = NO;
				CLANG_ANALYZER_NONNULL = YES;
				CLANG_ANALYZER_NUMBER_OBJECT_CONVERSION = YES_AGGRESSIVE;
				CLANG_CXX_LANGUAGE_STANDARD = "gnu++20";
				CLANG_ENABLE_MODULES = YES;
				CLANG_ENABLE_OBJC_ARC = YES;
				CLANG_ENABLE_OBJC_WEAK = YES;
				CLANG_WARN_BLOCK_CAPTURE_AUTORELEASING = YES;
				CLANG_WARN_BOOL_CONVERSION = YES;
				CLANG_WARN_COMMA = YES;
				CLANG_WARN_CONSTANT_CONVERSION = YES;
				CLANG_WARN_DEPRECATED_OBJC_IMPLEMENTATIONS = YES;
				CLANG_WARN_DIRECT_OBJC_ISA_USAGE = YES_ERROR;
				CLANG_WARN_DOCUMENTATION_COMMENTS = YES;
				CLANG_WARN_EMPTY_BODY = YES;
				CLANG_WARN_ENUM_CONVERSION = YES;
				CLANG_WARN_INFINITE_RECURSION = YES;
				CLANG_WARN_INT_CONVERSION = YES;
				CLANG_WARN_NON_LITERAL_NULL_CONVERSION = YES;
				CLANG_WARN_OBJC_IMPLICIT_RETAIN_SELF = YES;
				CLANG_WARN_OBJC_LITERAL_CONVERSION = YES;
				CLANG_WARN_OBJC_ROOT_CLASS = YES_ERROR;
				CLANG_WARN_QUOTED_INCLUDE_IN_FRAMEWORK_HEADER = YES;
				CLANG_WARN_RANGE_LOOP_ANALYSIS = YES;
				CLANG_WARN_STRICT_PROTOTYPES = YES;
				CLANG_WARN_SUSPICIOUS_MOVE = YES;
				CLANG_WARN_UNGUARDED_AVAILABILITY = YES_AGGRESSIVE;
				CLANG_WARN_UNREACHABLE_CODE = YES;
				CLANG_WARN__DUPLICATE_METHOD_MATCH = YES;
				COPY_PHASE_STRIP = NO;
				DEBUG_INFORMATION_FORMAT = dwarf;
				ENABLE_STRICT_OBJC_MSGSEND = YES;
				ENABLE_TESTABILITY = YES;
				GCC_C_LANGUAGE_STANDARD = gnu11;
				GCC_DYNAMIC_NO_PIC = NO;
				GCC_NO_COMMON_BLOCKS = YES;
				GCC_OPTIMIZATION_LEVEL = 0;
				GCC_PREPROCESSOR_DEFINITIONS = (
					"DEBUG=1",
					"$(inherited)",
				);
				GCC_WARN_64_TO_32_BIT_CONVERSION = YES;
				GCC_WARN_ABOUT_RETURN_TYPE = YES_ERROR;
				GCC_WARN_UNDECLARED_SELECTOR = YES;
				GCC_WARN_UNINITIALIZED_AUTOS = YES_AGGRESSIVE;
				GCC_WARN_UNUSED_FUNCTION = YES;
				GCC_WARN_UNUSED_VARIABLE = YES;
				MTL_ENABLE_DEBUG_INFO = INCLUDE_SOURCE;
				MTL_FAST_MATH = YES;
				ONLY_ACTIVE_ARCH = YES;
				SWIFT_ACTIVE_COMPILATION_CONDITIONS = DEBUG;
				SWIFT_OPTIMIZATION_LEVEL = "-Onone";
			};
			name = Debug;
		};
		1721D3B22A6F8F01009F8B5D /* Release */ = {
			isa = XCBuildConfiguration;
			buildSettings = {
				ALWAYS_SEARCH_USER_PATHS = NO;
				CLANG_ANALYZER_NONNULL = YES;
				CLANG_ANALYZER_NUMBER_OBJECT_CONVERSION = YES_AGGRESSIVE;
				CLANG_CXX_LANGUAGE_STANDARD = "gnu++20";
				CLANG_ENABLE_MODULES = YES;
				CLANG_ENABLE_OBJC_ARC = YES;
				CLANG_ENABLE_OBJC_WEAK = YES;
				CLANG_WARN_BLOCK_CAPTURE_AUTORELEASING = YES;
				CLANG_WARN_BOOL_CONVERSION = YES;
				CLANG_WARN_COMMA = YES;
				CLANG_WARN_CONSTANT_CONVERSION = YES;
				CLANG_WARN_DEPRECATED_OBJC_IMPLEMENTATIONS = YES;
				CLANG_WARN_DIRECT_OBJC_ISA_USAGE = YES_ERROR;
				CLANG_WARN_DOCUMENTATION_COMMENTS = YES;
				CLANG_WARN_EMPTY_BODY = YES;
				CLANG_WARN_ENUM_CONVERSION = YES;
				CLANG_WARN_INFINITE_RECURSION = YES;
				CLANG_WARN_INT_CONVERSION = YES;
				CLANG_WARN_NON_LITERAL_NULL_CONVERSION = YES;
				CLANG_WARN_OBJC_IMPLICIT_RETAIN_SELF = YES;
				CLANG_WARN_OBJC_LITERAL_CONVERSION = YES;
				CLANG_WARN_OBJC_ROOT_CLASS = YES_ERROR;
				CLANG_WARN_QUOTED_INCLUDE_IN_FRAMEWORK_HEADER = YES;
				CLANG_WARN_RANGE_LOOP_ANALYSIS = YES;
				CLANG_WARN_STRICT_PROTOTYPES = YES;
				CLANG_WARN_SUSPICIOUS_MOVE = YES;
				CLANG_WARN_UNGUARDED_AVAILABILITY = YES_AGGRESSIVE;
				CLANG_WARN_UNREACHABLE_CODE = YES;
				CLANG_WARN__DUPLICATE_METHOD_MATCH = YES;
				COPY_PHASE_STRIP = NO;
				DEBUG_INFORMATION_FORMAT = "dwarf-with-dsym";
				ENABLE_NS_ASSERTIONS = NO;
				ENABLE_STRICT_OBJC_MSGSEND = YES;
				GCC_C_LANGUAGE_STANDARD = gnu11;
				GCC_NO_COMMON_BLOCKS = YES;
				GCC_WARN_64_TO_32_BIT_CONVERSION = YES;
				GCC_WARN_ABOUT_RETURN_TYPE = YES_ERROR;
				GCC_WARN_UNDECLARED_SELECTOR = YES;
				GCC_WARN_UNINITIALIZED_AUTOS = YES_AGGRESSIVE;
				GCC_WARN_UNUSED_FUNCTION = YES;
				GCC_WARN_UNUSED_VARIABLE = YES;
				MTL_ENABLE_DEBUG_INFO = NO;
				MTL_FAST_MATH = YES;
				SWIFT_COMPILATION_MODE = wholemodule;
				SWIFT_OPTIMIZATION_LEVEL = "-O";
			};
			name = Release;
		};
		1721D3B42A6F8F01009F8B5D /* Debug */ = {
			isa = XCBuildConfiguration;
			buildSettings = {
				ASSETCATALOG_COMPILER_APPICON_NAME = AppIcon;
				ASSETCATALOG_COMPILER_GLOBAL_ACCENT_COLOR_NAME = AccentColor;
				CODE_SIGN_ENTITLEMENTS = TipCalc/TipCalc.entitlements;
				CODE_SIGN_STYLE = Automatic;
				CURRENT_PROJECT_VERSION = 1;
				DEVELOPMENT_ASSET_PATHS = "\"TipCalc/Preview Content\"";
				ENABLE_PREVIEWS = YES;
				GENERATE_INFOPLIST_FILE = YES;
				"INFOPLIST_KEY_UIApplicationSceneManifest_Generation[sdk=iphoneos*]" = YES;
				"INFOPLIST_KEY_UIApplicationSceneManifest_Generation[sdk=iphonesimulator*]" = YES;
				"INFOPLIST_KEY_UIApplicationSupportsIndirectInputEvents[sdk=iphoneos*]" = YES;
				"INFOPLIST_KEY_UIApplicationSupportsIndirectInputEvents[sdk=iphonesimulator*]" = YES;
				"INFOPLIST_KEY_UILaunchScreen_Generation[sdk=iphoneos*]" = YES;
				"INFOPLIST_KEY_UILaunchScreen_Generation[sdk=iphonesimulator*]" = YES;
				"INFOPLIST_KEY_UIStatusBarStyle[sdk=iphoneos*]" = UIStatusBarStyleDefault;
				"INFOPLIST_KEY_UIStatusBarStyle[sdk=iphonesimulator*]" = UIStatusBarStyleDefault;
				INFOPLIST_KEY_UISupportedInterfaceOrientations_iPad = "UIInterfaceOrientationPortrait UIInterfaceOrientationPortraitUpsideDown UIInterfaceOrientationLandscapeLeft UIInterfaceOrientationLandscapeRight";
				INFOPLIST_KEY_UISupportedInterfaceOrientations_iPhone = "UIInterfaceOrientationPortrait UIInterfaceOrientationLandscapeLeft UIInterfaceOrientationLandscapeRight";
				IPHONEOS_DEPLOYMENT_TARGET = 16.4;
				LD_RUNPATH_SEARCH_PATHS = "@executable_path/Frameworks";
				"LD_RUNPATH_SEARCH_PATHS[sdk=macosx*]" = "@executable_path/../Frameworks";
				MACOSX_DEPLOYMENT_TARGET = 13.3;
				MARKETING_VERSION = 1.0;
				PRODUCT_BUNDLE_IDENTIFIER = com.appzz.TipCalc;
				PRODUCT_NAME = "$(TARGET_NAME)";
				SDKROOT = auto;
				SUPPORTED_PLATFORMS = "iphoneos iphonesimulator macosx";
				SWIFT_EMIT_LOC_STRINGS = YES;
				SWIFT_VERSION = 5.0;
				TARGETED_DEVICE_FAMILY = "1,2";
			};
			name = Debug;
		};
		1721D3B52A6F8F01009F8B5D /* Release */ = {
			isa = XCBuildConfiguration;
			buildSettings = {
				ASSETCATALOG_COMPILER_APPICON_NAME = AppIcon;
				ASSETCATALOG_COMPILER_GLOBAL_ACCENT_COLOR_NAME = AccentColor;
				CODE_SIGN_ENTITLEMENTS = TipCalc/TipCalc.entitlements;
				CODE_SIGN_STYLE = Automatic;
				CURRENT_PROJECT_VERSION = 1;
				DEVELOPMENT_ASSET_PATHS = "\"TipCalc/Preview Content\"";
				ENABLE_PREVIEWS = YES;
				GENERATE_INFOPLIST_FILE = YES;
				"INFOPLIST_KEY_UIApplicationSceneManifest_Generation[sdk=iphoneos*]" = YES;
				"INFOPLIST_KEY_UIApplicationSceneManifest_Generation[sdk=iphonesimulator*]" = YES;
				"INFOPLIST_KEY_UIApplicationSupportsIndirectInputEvents[sdk=iphoneos*]" = YES;
				"INFOPLIST_KEY_UIApplicationSupportsIndirectInputEvents[sdk=iphonesimulator*]" = YES;
				"INFOPLIST_KEY_UILaunchScreen_Generation[sdk=iphoneos*]" = YES;
				"INFOPLIST_KEY_UILaunchScreen_Generation[sdk=iphonesimulator*]" = YES;
				"INFOPLIST_KEY_UIStatusBarStyle[sdk=iphoneos*]" = UIStatusBarStyleDefault;
				"INFOPLIST_KEY_UIStatusBarStyle[sdk=iphonesimulator*]" = UIStatusBarStyleDefault;
				INFOPLIST_KEY_UISupportedInterfaceOrientations_iPad = "UIInterfaceOrientationPortrait UIInterfaceOrientationPortraitUpsideDown UIInterfaceOrientationLandscapeLeft UIInterfaceOrientationLandscapeRight";
				INFOPLIST_KEY_UISupportedInterfaceOrientations_iPhone = "UIInterfaceOrientationPortrait UIInterfaceOrientationLandscapeLeft UIInterfaceOrientationLandscapeRight";
				IPHONEOS_DEPLOYMENT_TARGET = 16.4;
				LD_RUNPATH_SEARCH_PATHS = "@executable_path/Frameworks";
				"LD_RUNPATH_SEARCH_PATHS[sdk=macosx*]" = "@executable_path/../Frameworks";
				MACOSX_DEPLOYMENT_TARGET = 13.3;
				MARKETING_VERSION = 1.0;
				PRODUCT_BUNDLE_IDENTIFIER = com.appzz.TipCalc;
				PRODUCT_NAME = "$(TARGET_NAME)";
				SDKROOT = auto;
				SUPPORTED_PLATFORMS = "iphoneos iphonesimulator macosx";
				SWIFT_EMIT_LOC_STRINGS = YES;
				SWIFT_VERSION = 5.0;
				TARGETED_DEVICE_FAMILY = "1,2";
			};
			name = Release;
		};
		1721D3B72A6F8F01009F8B5D /* Debug */ = {
			isa = XCBuildConfiguration;
			buildSettings = {
				ALWAYS_EMBED_SWIFT_STANDARD_LIBRARIES = YES;
				BUNDLE_LOADER = "$(TEST_HOST)";
				CODE_SIGN_STYLE = Automatic;
				CURRENT_PROJECT_VERSION = 1;
				GENERATE_INFOPLIST_FILE = YES;
				IPHONEOS_DEPLOYMENT_TARGET = 16.4;
				MACOSX_DEPLOYMENT_TARGET = 13.3;
				MARKETING_VERSION = 1.0;
				PRODUCT_BUNDLE_IDENTIFIER = com.appzz.TipCalcTests;
				PRODUCT_NAME = "$(TARGET_NAME)";
				SDKROOT = auto;
				SUPPORTED_PLATFORMS = "iphoneos iphonesimulator macosx";
				SWIFT_EMIT_LOC_STRINGS = NO;
				SWIFT_VERSION = 5.0;
				TARGETED_DEVICE_FAMILY = "1,2";
				TEST_HOST = "$(BUILT_PRODUCTS_DIR)/TipCalc.app/$(BUNDLE_EXECUTABLE_FOLDER_PATH)/TipCalc";
			};
			name = Debug;
		};
		1721D3B82A6F8F01009F8B5D /* Release */ = {
			isa = XCBuildConfiguration;
			buildSettings = {
				ALWAYS_EMBED_SWIFT_STANDARD_LIBRARIES = YES;
				BUNDLE_LOADER = "$(TEST_HOST)";
				CODE_SIGN_STYLE = Automatic;
				CURRENT_PROJECT_VERSION = 1;
				GENERATE_INFOPLIST_FILE = YES;
				IPHONEOS_DEPLOYMENT_TARGET = 16.4;
				MACOSX_DEPLOYMENT_TARGET = 13.3;
				MARKETING_VERSION = 1.0;
				PRODUCT_BUNDLE_IDENTIFIER = com.appzz.TipCalcTests;
				PRODUCT_NAME = "$(TARGET_NAME)";
				SDKROOT = auto;
				SUPPORTED_PLATFORMS = "iphoneos iphonesimulator macosx";
				SWIFT_EMIT_LOC_STRINGS = NO;
				SWIFT_VERSION = 5.0;
				TARGETED_DEVICE_FAMILY = "1,2";
				TEST_HOST = "$(BUILT_PRODUCTS_DIR)/TipCalc.app/$(BUNDLE_EXECUTABLE_FOLDER_PATH)/TipCalc";
			};
			name = Release;
		};
		1721D3BA2A6F8F01009F8B5D /* Debug */ = {
			isa = XCBuildConfiguration;
			buildSettings = {
				ALWAYS_EMBED_SWIFT_STANDARD_LIBRARIES = YES;
				CODE_SIGN_STYLE = Automatic;
				CURRENT_PROJECT_VERSION = 1;
				GENERATE_INFOPLIST_FILE = YES;
				IPHONEOS_DEPLOYMENT_TARGET = 16.4;
				MACOSX_DEPLOYMENT_TARGET = 13.3;
				MARKETING_VERSION = 1.0;
				PRODUCT_BUNDLE_IDENTIFIER = com.appzz.TipCalcUITests;
				PRODUCT_NAME = "$(TARGET_NAME)";
				SDKROOT = auto;
				SUPPORTED_PLATFORMS = "iphoneos iphonesimulator macosx";
				SWIFT_EMIT_LOC_STRINGS = NO;
				SWIFT_VERSION = 5.0;
				TARGETED_DEVICE_FAMILY = "1,2";
				TEST_TARGET_NAME = TipCalc;
			};
			name = Debug;
		};
		1721D3BB2A6F8F01009F8B5D /* Release */ = {
			isa = XCBuildConfiguration;
			buildSettings = {
				ALWAYS_EMBED_SWIFT_STANDARD_LIBRARIES = YES;
				CODE_SIGN_STYLE = Automatic;
				CURRENT_PROJECT_VERSION = 1;
				GENERATE_INFOPLIST_FILE = YES;
				IPHONEOS_DEPLOYMENT_TARGET = 16.4;
				MACOSX_DEPLOYMENT_TARGET = 13.3;
				MARKETING_VERSION = 1.0;
				PRODUCT_BUNDLE_IDENTIFIER = com.appzz.TipCalcUITests;
				PRODUCT_NAME = "$(TARGET_NAME)";
				SDKROOT = auto;
				SUPPORTED_PLATFORMS = "iphoneos iphonesimulator macosx";
				SWIFT_EMIT_LOC_STRINGS = NO;
				SWIFT_VERSION = 5.0;
				TARGETED_DEVICE_FAMILY = "1,2";
				TEST_TARGET_NAME = TipCalc;
			};
			name = Release;
		};
/* End XCBuildConfiguration section */

/* Begin XCConfigurationList section */
		1721D3892A6F8EFF009F8B5D /* Build configuration list for PBXProject "TipCalc" */ = {
			isa = XCConfigurationList;
			buildConfigurations = (
				1721D3B12A6F8F01009F8B5D /* Debug */,
				1721D3B22A6F8F01009F8B5D /* Release */,
			);
			defaultConfigurationIsVisible = 0;
			defaultConfigurationName = Release;
		};
		1721D3B32A6F8F01009F8B5D /* Build configuration list for PBXNativeTarget "TipCalc" */ = {
			isa = XCConfigurationList;
			buildConfigurations = (
				1721D3B42A6F8F01009F8B5D /* Debug */,
				1721D3B52A6F8F01009F8B5D /* Release */,
			);
			defaultConfigurationIsVisible = 0;
			defaultConfigurationName = Release;
		};
		1721D3B62A6F8F01009F8B5D /* Build configuration list for PBXNativeTarget "TipCalcTests" */ = {
			isa = XCConfigurationList;
			buildConfigurations = (
				1721D3B72A6F8F01009F8B5D /* Debug */,
				1721D3B82A6F8F01009F8B5D /* Release */,
			);
			defaultConfigurationIsVisible = 0;
			defaultConfigurationName = Release;
		};
		1721D3B92A6F8F01009F8B5D /* Build configuration list for PBXNativeTarget "TipCalcUITests" */ = {
			isa = XCConfigurationList;
			buildConfigurations = (
				1721D3BA2A6F8F01009F8B5D /* Debug */,
				1721D3BB2A6F8F01009F8B5D /* Release */,
			);
			defaultConfigurationIsVisible = 0;
			defaultConfigurationName = Release;
		};
/* End XCConfigurationList section */
	};
	rootObject = 1721D3862A6F8EFF009F8B5D /* Project object */;
}
